
Microsoft Visual Studio Solution File, Format Version 12.00
# Visual Studio Version 17
VisualStudioVersion = 17.11.35327.3
MinimumVisualStudioVersion = 10.0.40219.1
Project("{2150E333-8FDC-42A3-9474-1A3956D46DE8}") = "Solution Items", "Solution Items", "{5940D181-BD03-4B08-84A8-356B44C94797}"
	ProjectSection(SolutionItems) = preProject
		.gitignore = .gitignore
		Build\Build.Configuration.cs = Build\Build.Configuration.cs
		Changelog.md = Changelog.md
		Constants.cs = Constants.cs
		Readme.md = Readme.md
	EndProjectSection
EndProject
Project("{9A19103F-16F7-4668-BE54-9A1E7A4F7556}") = "Build", "build\Build.csproj", "{CE435B64-98C3-4C19-A1EA-182FC0ED1151}"
EndProject
Project("{9A19103F-16F7-4668-BE54-9A1E7A4F7556}") = "Installer", "install\Installer.csproj", "{8935656A-2A3C-4AFF-8E7E-82F35320F5FA}"
EndProject
Project("{9A19103F-16F7-4668-BE54-9A1E7A4F7556}") = "Localization", "source\Localization\Localization.csproj", "{A93B9F41-4DD3-48B1-918B-F3EC9DFB5223}"
EndProject
Project("{9A19103F-16F7-4668-BE54-9A1E7A4F7556}") = "SelectSimilar", "source\Utils\SelectSimilar\SelectSimilar.csproj", "{A771AF9A-AEF0-4761-97B5-38CD26B0C287}"
EndProject
Project("{9A19103F-16F7-4668-BE54-9A1E7A4F7556}") = "Core", "source\Core\Core.csproj", "{E9A2BE24-D4EC-4FAB-BDFA-EB5D37A83600}"
EndProject
Project("{FAE04EC0-301F-11D3-BF4B-00C04F79EFBC}") = "Library", "libs\Library\Library.csproj", "{B230731D-E4C7-422C-9AC5-622893B20B5E}"
EndProject
Project("{FAE04EC0-301F-11D3-BF4B-00C04F79EFBC}") = "RoomStudies", "source\RoomStudies\RoomStudies.csproj", "{D6D26718-799E-4D71-BC47-D5AE1B782435}"
EndProject
Global
	GlobalSection(SolutionConfigurationPlatforms) = preSolution
		Debug R24|Any CPU = Debug R24|Any CPU
		Debug|Any CPU = Debug|Any CPU
		Installer|Any CPU = Installer|Any CPU
		Release R24|Any CPU = Release R24|Any CPU
		Release|Any CPU = Release|Any CPU
	EndGlobalSection
	GlobalSection(ProjectConfigurationPlatforms) = postSolution
		{CE435B64-98C3-4C19-A1EA-182FC0ED1151}.Debug R24|Any CPU.ActiveCfg = Debug|Any CPU
		{CE435B64-98C3-4C19-A1EA-182FC0ED1151}.Debug|Any CPU.ActiveCfg = Debug|Any CPU
		{CE435B64-98C3-4C19-A1EA-182FC0ED1151}.Debug|Any CPU.Build.0 = Debug|Any CPU
		{CE435B64-98C3-4C19-A1EA-182FC0ED1151}.Installer|Any CPU.ActiveCfg = Release|Any CPU
		{CE435B64-98C3-4C19-A1EA-182FC0ED1151}.Installer|Any CPU.Build.0 = Release|Any CPU
		{CE435B64-98C3-4C19-A1EA-182FC0ED1151}.Release R24|Any CPU.ActiveCfg = Release|Any CPU
		{CE435B64-98C3-4C19-A1EA-182FC0ED1151}.Release|Any CPU.ActiveCfg = Release|Any CPU
		{CE435B64-98C3-4C19-A1EA-182FC0ED1151}.Release|Any CPU.Build.0 = Release|Any CPU
		{8935656A-2A3C-4AFF-8E7E-82F35320F5FA}.Debug R24|Any CPU.ActiveCfg = Debug|Any CPU
		{8935656A-2A3C-4AFF-8E7E-82F35320F5FA}.Debug|Any CPU.ActiveCfg = Debug|Any CPU
		{8935656A-2A3C-4AFF-8E7E-82F35320F5FA}.Debug|Any CPU.Build.0 = Debug|Any CPU
		{8935656A-2A3C-4AFF-8E7E-82F35320F5FA}.Installer|Any CPU.ActiveCfg = Release|Any CPU
		{8935656A-2A3C-4AFF-8E7E-82F35320F5FA}.Installer|Any CPU.Build.0 = Release|Any CPU
		{8935656A-2A3C-4AFF-8E7E-82F35320F5FA}.Release R24|Any CPU.ActiveCfg = Release|Any CPU
		{8935656A-2A3C-4AFF-8E7E-82F35320F5FA}.Release|Any CPU.ActiveCfg = Release|Any CPU
		{8935656A-2A3C-4AFF-8E7E-82F35320F5FA}.Release|Any CPU.Build.0 = Release|Any CPU
		{A93B9F41-4DD3-48B1-918B-F3EC9DFB5223}.Debug R24|Any CPU.ActiveCfg = Debug R24|Any CPU
		{A93B9F41-4DD3-48B1-918B-F3EC9DFB5223}.Debug R24|Any CPU.Build.0 = Debug R24|Any CPU
		{A93B9F41-4DD3-48B1-918B-F3EC9DFB5223}.Debug|Any CPU.ActiveCfg = Debug R24|Any CPU
		{A93B9F41-4DD3-48B1-918B-F3EC9DFB5223}.Debug|Any CPU.Build.0 = Debug R24|Any CPU
		{A93B9F41-4DD3-48B1-918B-F3EC9DFB5223}.Installer|Any CPU.ActiveCfg = Release R24|Any CPU
		{A93B9F41-4DD3-48B1-918B-F3EC9DFB5223}.Installer|Any CPU.Build.0 = Release R24|Any CPU
		{A93B9F41-4DD3-48B1-918B-F3EC9DFB5223}.Release R24|Any CPU.ActiveCfg = Release R24|Any CPU
		{A93B9F41-4DD3-48B1-918B-F3EC9DFB5223}.Release R24|Any CPU.Build.0 = Release R24|Any CPU
		{A93B9F41-4DD3-48B1-918B-F3EC9DFB5223}.Release|Any CPU.ActiveCfg = Release R24|Any CPU
		{A93B9F41-4DD3-48B1-918B-F3EC9DFB5223}.Release|Any CPU.Build.0 = Release R24|Any CPU
		{A771AF9A-AEF0-4761-97B5-38CD26B0C287}.Debug R24|Any CPU.ActiveCfg = Debug R24|Any CPU
		{A771AF9A-AEF0-4761-97B5-38CD26B0C287}.Debug R24|Any CPU.Build.0 = Debug R24|Any CPU
		{A771AF9A-AEF0-4761-97B5-38CD26B0C287}.Debug|Any CPU.ActiveCfg = Debug R24|Any CPU
		{A771AF9A-AEF0-4761-97B5-38CD26B0C287}.Debug|Any CPU.Build.0 = Debug R24|Any CPU
		{A771AF9A-AEF0-4761-97B5-38CD26B0C287}.Installer|Any CPU.ActiveCfg = Release R24|Any CPU
		{A771AF9A-AEF0-4761-97B5-38CD26B0C287}.Installer|Any CPU.Build.0 = Release R24|Any CPU
		{A771AF9A-AEF0-4761-97B5-38CD26B0C287}.Release R24|Any CPU.ActiveCfg = Release R24|Any CPU
		{A771AF9A-AEF0-4761-97B5-38CD26B0C287}.Release R24|Any CPU.Build.0 = Release R24|Any CPU
		{A771AF9A-AEF0-4761-97B5-38CD26B0C287}.Release|Any CPU.ActiveCfg = Release R24|Any CPU
		{A771AF9A-AEF0-4761-97B5-38CD26B0C287}.Release|Any CPU.Build.0 = Release R24|Any CPU
		{E9A2BE24-D4EC-4FAB-BDFA-EB5D37A83600}.Debug R24|Any CPU.ActiveCfg = Debug R24|Any CPU
		{E9A2BE24-D4EC-4FAB-BDFA-EB5D37A83600}.Debug R24|Any CPU.Build.0 = Debug R24|Any CPU
		{E9A2BE24-D4EC-4FAB-BDFA-EB5D37A83600}.Debug|Any CPU.ActiveCfg = Debug R24|Any CPU
		{E9A2BE24-D4EC-4FAB-BDFA-EB5D37A83600}.Debug|Any CPU.Build.0 = Debug R24|Any CPU
		{E9A2BE24-D4EC-4FAB-BDFA-EB5D37A83600}.Installer|Any CPU.ActiveCfg = Release R24|Any CPU
		{E9A2BE24-D4EC-4FAB-BDFA-EB5D37A83600}.Installer|Any CPU.Build.0 = Release R24|Any CPU
		{E9A2BE24-D4EC-4FAB-BDFA-EB5D37A83600}.Release R24|Any CPU.ActiveCfg = Release R24|Any CPU
		{E9A2BE24-D4EC-4FAB-BDFA-EB5D37A83600}.Release R24|Any CPU.Build.0 = Release R24|Any CPU
		{E9A2BE24-D4EC-4FAB-BDFA-EB5D37A83600}.Release|Any CPU.ActiveCfg = Release R24|Any CPU
		{E9A2BE24-D4EC-4FAB-BDFA-EB5D37A83600}.Release|Any CPU.Build.0 = Release R24|Any CPU
		{B230731D-E4C7-422C-9AC5-622893B20B5E}.Debug R24|Any CPU.ActiveCfg = Debug R24|Any CPU
		{B230731D-E4C7-422C-9AC5-622893B20B5E}.Debug R24|Any CPU.Build.0 = Debug R24|Any CPU
		{B230731D-E4C7-422C-9AC5-622893B20B5E}.Debug|Any CPU.ActiveCfg = Debug R20|Any CPU
		{B230731D-E4C7-422C-9AC5-622893B20B5E}.Debug|Any CPU.Build.0 = Debug R20|Any CPU
		{B230731D-E4C7-422C-9AC5-622893B20B5E}.Installer|Any CPU.ActiveCfg = Debug R20|Any CPU
		{B230731D-E4C7-422C-9AC5-622893B20B5E}.Installer|Any CPU.Build.0 = Debug R20|Any CPU
		{B230731D-E4C7-422C-9AC5-622893B20B5E}.Release R24|Any CPU.ActiveCfg = Release R24|Any CPU
		{B230731D-E4C7-422C-9AC5-622893B20B5E}.Release R24|Any CPU.Build.0 = Release R24|Any CPU
		{B230731D-E4C7-422C-9AC5-622893B20B5E}.Release|Any CPU.ActiveCfg = Release R20|Any CPU
		{B230731D-E4C7-422C-9AC5-622893B20B5E}.Release|Any CPU.Build.0 = Release R20|Any CPU
		{D6D26718-799E-4D71-BC47-D5AE1B782435}.Debug R24|Any CPU.ActiveCfg = Debug R24|Any CPU
		{D6D26718-799E-4D71-BC47-D5AE1B782435}.Debug R24|Any CPU.Build.0 = Debug R24|Any CPU
		{D6D26718-799E-4D71-BC47-D5AE1B782435}.Debug|Any CPU.ActiveCfg = Debug R20|Any CPU
		{D6D26718-799E-4D71-BC47-D5AE1B782435}.Debug|Any CPU.Build.0 = Debug R20|Any CPU
		{D6D26718-799E-4D71-BC47-D5AE1B782435}.Installer|Any CPU.ActiveCfg = Debug R20|Any CPU
		{D6D26718-799E-4D71-BC47-D5AE1B782435}.Installer|Any CPU.Build.0 = Debug R20|Any CPU
		{D6D26718-799E-4D71-BC47-D5AE1B782435}.Release R24|Any CPU.ActiveCfg = Release R24|Any CPU
		{D6D26718-799E-4D71-BC47-D5AE1B782435}.Release R24|Any CPU.Build.0 = Release R24|Any CPU
		{D6D26718-799E-4D71-BC47-D5AE1B782435}.Release|Any CPU.ActiveCfg = Release R20|Any CPU
		{D6D26718-799E-4D71-BC47-D5AE1B782435}.Release|Any CPU.Build.0 = Release R20|Any CPU
	EndGlobalSection
	GlobalSection(SolutionProperties) = preSolution
		HideSolutionNode = FALSE
	EndGlobalSection
	GlobalSection(ExtensibilityGlobals) = postSolution
		SolutionGuid = {AB849009-1ED8-4AE1-9D96-B0BBAFC84A82}
	EndGlobalSection
EndGlobal
